
Microsoft Visual Studio Solution File, Format Version 12.00
# Visual Studio Version 16
VisualStudioVersion = 16.0.30611.23
MinimumVisualStudioVersion = 10.0.40219.1
Project("{9A19103F-16F7-4668-BE54-9A1E7A4F7556}") = "Image Classification", "Image Classification\Image Classification.csproj", "{1A4BEAA8-0D1A-473D-B665-AE861D8B339D}"
EndProject
Project("{9A19103F-16F7-4668-BE54-9A1E7A4F7556}") = "Image ClassificationML.Model", "Image ClassificationML.Model\Image ClassificationML.Model.csproj", "{9EC2A14E-3B5C-40CA-A52A-AEDF867FB31F}"
EndProject
Project("{9A19103F-16F7-4668-BE54-9A1E7A4F7556}") = "Image ClassificationML.ConsoleApp", "Image ClassificationML.ConsoleApp\Image ClassificationML.ConsoleApp.csproj", "{11052D0C-EFC1-427B-8DA8-2BB70FC54A59}"
EndProject
Global
	GlobalSection(SolutionConfigurationPlatforms) = preSolution
		Debug|Any CPU = Debug|Any CPU
		Release|Any CPU = Release|Any CPU
	EndGlobalSection
	GlobalSection(ProjectConfigurationPlatforms) = postSolution
		{1A4BEAA8-0D1A-473D-B665-AE861D8B339D}.Debug|Any CPU.ActiveCfg = Debug|Any CPU
		{1A4BEAA8-0D1A-473D-B665-AE861D8B339D}.Debug|Any CPU.Build.0 = Debug|Any CPU
		{1A4BEAA8-0D1A-473D-B665-AE861D8B339D}.Release|Any CPU.ActiveCfg = Release|Any CPU
		{1A4BEAA8-0D1A-473D-B665-AE861D8B339D}.Release|Any CPU.Build.0 = Release|Any CPU
		{9EC2A14E-3B5C-40CA-A52A-AEDF867FB31F}.Debug|Any CPU.ActiveCfg = Debug|Any CPU
		{9EC2A14E-3B5C-40CA-A52A-AEDF867FB31F}.Debug|Any CPU.Build.0 = Debug|Any CPU
		{9EC2A14E-3B5C-40CA-A52A-AEDF867FB31F}.Release|Any CPU.ActiveCfg = Release|Any CPU
		{9EC2A14E-3B5C-40CA-A52A-AEDF867FB31F}.Release|Any CPU.Build.0 = Release|Any CPU
		{11052D0C-EFC1-427B-8DA8-2BB70FC54A59}.Debug|Any CPU.ActiveCfg = Debug|Any CPU
		{11052D0C-EFC1-427B-8DA8-2BB70FC54A59}.Debug|Any CPU.Build.0 = Debug|Any CPU
		{11052D0C-EFC1-427B-8DA8-2BB70FC54A59}.Release|Any CPU.ActiveCfg = Release|Any CPU
		{11052D0C-EFC1-427B-8DA8-2BB70FC54A59}.Release|Any CPU.Build.0 = Release|Any CPU
	EndGlobalSection
	GlobalSection(SolutionProperties) = preSolution
		HideSolutionNode = FALSE
	EndGlobalSection
	GlobalSection(ExtensibilityGlobals) = postSolution
		SolutionGuid = {B051956D-9C44-4E13-9C89-72B05964234C}
	EndGlobalSection
EndGlobal
